
Microsoft Visual Studio Solution File, Format Version 12.00
# Visual Studio 15
VisualStudioVersion = 15.0.26124.0
MinimumVisualStudioVersion = 15.0.26124.0
Project("{FAE04EC0-301F-11D3-BF4B-00C04F79EFBC}") = "ProAgil.API", "ProAgil.API\ProAgil.API.csproj", "{7EF5A871-6032-40A2-80AC-6138BC1D212E}"
EndProject
Project("{FAE04EC0-301F-11D3-BF4B-00C04F79EFBC}") = "ProAgil.Domain", "ProAgil.Domain\ProAgil.Domain.csproj", "{72515247-6471-41D6-817E-6A90381EE2D8}"
EndProject
Project("{FAE04EC0-301F-11D3-BF4B-00C04F79EFBC}") = "ProAgil.Repository", "ProAgil.Repository\ProAgil.Repository.csproj", "{64486E8E-4982-4B4A-84E8-34360741D19D}"
EndProject
Global
	GlobalSection(SolutionConfigurationPlatforms) = preSolution
		Debug|Any CPU = Debug|Any CPU
		Debug|x64 = Debug|x64
		Debug|x86 = Debug|x86
		Release|Any CPU = Release|Any CPU
		Release|x64 = Release|x64
		Release|x86 = Release|x86
	EndGlobalSection
	GlobalSection(SolutionProperties) = preSolution
		HideSolutionNode = FALSE
	EndGlobalSection
	GlobalSection(ProjectConfigurationPlatforms) = postSolution
		{7EF5A871-6032-40A2-80AC-6138BC1D212E}.Debug|Any CPU.ActiveCfg = Debug|Any CPU
		{7EF5A871-6032-40A2-80AC-6138BC1D212E}.Debug|Any CPU.Build.0 = Debug|Any CPU
		{7EF5A871-6032-40A2-80AC-6138BC1D212E}.Debug|x64.ActiveCfg = Debug|Any CPU
		{7EF5A871-6032-40A2-80AC-6138BC1D212E}.Debug|x64.Build.0 = Debug|Any CPU
		{7EF5A871-6032-40A2-80AC-6138BC1D212E}.Debug|x86.ActiveCfg = Debug|Any CPU
		{7EF5A871-6032-40A2-80AC-6138BC1D212E}.Debug|x86.Build.0 = Debug|Any CPU
		{7EF5A871-6032-40A2-80AC-6138BC1D212E}.Release|Any CPU.ActiveCfg = Release|Any CPU
		{7EF5A871-6032-40A2-80AC-6138BC1D212E}.Release|Any CPU.Build.0 = Release|Any CPU
		{7EF5A871-6032-40A2-80AC-6138BC1D212E}.Release|x64.ActiveCfg = Release|Any CPU
		{7EF5A871-6032-40A2-80AC-6138BC1D212E}.Release|x64.Build.0 = Release|Any CPU
		{7EF5A871-6032-40A2-80AC-6138BC1D212E}.Release|x86.ActiveCfg = Release|Any CPU
		{7EF5A871-6032-40A2-80AC-6138BC1D212E}.Release|x86.Build.0 = Release|Any CPU
		{72515247-6471-41D6-817E-6A90381EE2D8}.Debug|Any CPU.ActiveCfg = Debug|Any CPU
		{72515247-6471-41D6-817E-6A90381EE2D8}.Debug|Any CPU.Build.0 = Debug|Any CPU
		{72515247-6471-41D6-817E-6A90381EE2D8}.Debug|x64.ActiveCfg = Debug|Any CPU
		{72515247-6471-41D6-817E-6A90381EE2D8}.Debug|x64.Build.0 = Debug|Any CPU
		{72515247-6471-41D6-817E-6A90381EE2D8}.Debug|x86.ActiveCfg = Debug|Any CPU
		{72515247-6471-41D6-817E-6A90381EE2D8}.Debug|x86.Build.0 = Debug|Any CPU
		{72515247-6471-41D6-817E-6A90381EE2D8}.Release|Any CPU.ActiveCfg = Release|Any CPU
		{72515247-6471-41D6-817E-6A90381EE2D8}.Release|Any CPU.Build.0 = Release|Any CPU
		{72515247-6471-41D6-817E-6A90381EE2D8}.Release|x64.ActiveCfg = Release|Any CPU
		{72515247-6471-41D6-817E-6A90381EE2D8}.Release|x64.Build.0 = Release|Any CPU
		{72515247-6471-41D6-817E-6A90381EE2D8}.Release|x86.ActiveCfg = Release|Any CPU
		{72515247-6471-41D6-817E-6A90381EE2D8}.Release|x86.Build.0 = Release|Any CPU
		{64486E8E-4982-4B4A-84E8-34360741D19D}.Debug|Any CPU.ActiveCfg = Debug|Any CPU
		{64486E8E-4982-4B4A-84E8-34360741D19D}.Debug|Any CPU.Build.0 = Debug|Any CPU
		{64486E8E-4982-4B4A-84E8-34360741D19D}.Debug|x64.ActiveCfg = Debug|Any CPU
		{64486E8E-4982-4B4A-84E8-34360741D19D}.Debug|x64.Build.0 = Debug|Any CPU
		{64486E8E-4982-4B4A-84E8-34360741D19D}.Debug|x86.ActiveCfg = Debug|Any CPU
		{64486E8E-4982-4B4A-84E8-34360741D19D}.Debug|x86.Build.0 = Debug|Any CPU
		{64486E8E-4982-4B4A-84E8-34360741D19D}.Release|Any CPU.ActiveCfg = Release|Any CPU
		{64486E8E-4982-4B4A-84E8-34360741D19D}.Release|Any CPU.Build.0 = Release|Any CPU
		{64486E8E-4982-4B4A-84E8-34360741D19D}.Release|x64.ActiveCfg = Release|Any CPU
		{64486E8E-4982-4B4A-84E8-34360741D19D}.Release|x64.Build.0 = Release|Any CPU
		{64486E8E-4982-4B4A-84E8-34360741D19D}.Release|x86.ActiveCfg = Release|Any CPU
		{64486E8E-4982-4B4A-84E8-34360741D19D}.Release|x86.Build.0 = Release|Any CPU
	EndGlobalSection
EndGlobal
